
Microsoft Visual Studio Solution File, Format Version 12.00
# Visual Studio Version 16
VisualStudioVersion = 16.0.30503.244
MinimumVisualStudioVersion = 10.0.40219.1
Project("{9A19103F-16F7-4668-BE54-9A1E7A4F7556}") = "HondaWeb", "HondaWeb\HondaWeb.csproj", "{CF5033C0-9E5F-4756-867B-2678DAEE4058}"
EndProject
Global
	GlobalSection(SolutionConfigurationPlatforms) = preSolution
		Debug|Any CPU = Debug|Any CPU
		Release|Any CPU = Release|Any CPU
	EndGlobalSection
	GlobalSection(ProjectConfigurationPlatforms) = postSolution
		{CF5033C0-9E5F-4756-867B-2678DAEE4058}.Debug|Any CPU.ActiveCfg = Debug|Any CPU
		{CF5033C0-9E5F-4756-867B-2678DAEE4058}.Debug|Any CPU.Build.0 = Debug|Any CPU
		{CF5033C0-9E5F-4756-867B-2678DAEE4058}.Release|Any CPU.ActiveCfg = Release|Any CPU
		{CF5033C0-9E5F-4756-867B-2678DAEE4058}.Release|Any CPU.Build.0 = Release|Any CPU
	EndGlobalSection
	GlobalSection(SolutionProperties) = preSolution
		HideSolutionNode = FALSE
	EndGlobalSection
	GlobalSection(ExtensibilityGlobals) = postSolution
		SolutionGuid = {67750495-DD8C-4F55-9EC8-E3E50A141361}
	EndGlobalSection
EndGlobal
